
Microsoft Visual Studio Solution File, Format Version 12.00
# Visual Studio 15
VisualStudioVersion = 15.0.27428.2037
MinimumVisualStudioVersion = 10.0.40219.1
Project("{FAE04EC0-301F-11D3-BF4B-00C04F79EFBC}") = "Common", "Common\Common.csproj", "{BEF82A63-53B6-4723-9239-B2E39D1B3AEE}"
EndProject
Project("{FAE04EC0-301F-11D3-BF4B-00C04F79EFBC}") = "Tests", "Tests\Tests.csproj", "{69EAD142-7FEC-4C3F-9BB6-FE6EBBB057AB}"
EndProject
Global
	GlobalSection(SolutionConfigurationPlatforms) = preSolution
		Debug|Any CPU = Debug|Any CPU
		Release|Any CPU = Release|Any CPU
	EndGlobalSection
	GlobalSection(ProjectConfigurationPlatforms) = postSolution
		{BEF82A63-53B6-4723-9239-B2E39D1B3AEE}.Debug|Any CPU.ActiveCfg = Debug|Any CPU
		{BEF82A63-53B6-4723-9239-B2E39D1B3AEE}.Debug|Any CPU.Build.0 = Debug|Any CPU
		{BEF82A63-53B6-4723-9239-B2E39D1B3AEE}.Release|Any CPU.ActiveCfg = Release|Any CPU
		{BEF82A63-53B6-4723-9239-B2E39D1B3AEE}.Release|Any CPU.Build.0 = Release|Any CPU
		{69EAD142-7FEC-4C3F-9BB6-FE6EBBB057AB}.Debug|Any CPU.ActiveCfg = Debug|Any CPU
		{69EAD142-7FEC-4C3F-9BB6-FE6EBBB057AB}.Debug|Any CPU.Build.0 = Debug|Any CPU
		{69EAD142-7FEC-4C3F-9BB6-FE6EBBB057AB}.Release|Any CPU.ActiveCfg = Release|Any CPU
		{69EAD142-7FEC-4C3F-9BB6-FE6EBBB057AB}.Release|Any CPU.Build.0 = Release|Any CPU
	EndGlobalSection
	GlobalSection(SolutionProperties) = preSolution
		HideSolutionNode = FALSE
	EndGlobalSection
	GlobalSection(ExtensibilityGlobals) = postSolution
		SolutionGuid = {E5D6C4A9-2307-459C-AD9C-55939116B822}
	EndGlobalSection
EndGlobal
